
Microsoft Visual Studio Solution File, Format Version 12.00
# Visual Studio 2013
VisualStudioVersion = 12.0.21005.1
MinimumVisualStudioVersion = 10.0.40219.1
Project("{FAE04EC0-301F-11D3-BF4B-00C04F79EFBC}") = "WindowsFormsApplication7gl", "WindowsFormsApplication7gl\WindowsFormsApplication7gl.csproj", "{AF4695A9-9F89-4080-929A-C031030BAF71}"
EndProject
Project("{FAE04EC0-301F-11D3-BF4B-00C04F79EFBC}") = "GL_Geometry", "GL_Geometry\GL_Geometry.csproj", "{58180072-C196-411D-905D-C5F0F176D611}"
EndProject
Global
	GlobalSection(SolutionConfigurationPlatforms) = preSolution
		Debug|Any CPU = Debug|Any CPU
		Release|Any CPU = Release|Any CPU
	EndGlobalSection
	GlobalSection(ProjectConfigurationPlatforms) = postSolution
		{AF4695A9-9F89-4080-929A-C031030BAF71}.Debug|Any CPU.ActiveCfg = Debug|Any CPU
		{AF4695A9-9F89-4080-929A-C031030BAF71}.Debug|Any CPU.Build.0 = Debug|Any CPU
		{AF4695A9-9F89-4080-929A-C031030BAF71}.Release|Any CPU.ActiveCfg = Release|Any CPU
		{AF4695A9-9F89-4080-929A-C031030BAF71}.Release|Any CPU.Build.0 = Release|Any CPU
		{58180072-C196-411D-905D-C5F0F176D611}.Debug|Any CPU.ActiveCfg = Debug|Any CPU
		{58180072-C196-411D-905D-C5F0F176D611}.Debug|Any CPU.Build.0 = Debug|Any CPU
		{58180072-C196-411D-905D-C5F0F176D611}.Release|Any CPU.ActiveCfg = Release|Any CPU
		{58180072-C196-411D-905D-C5F0F176D611}.Release|Any CPU.Build.0 = Release|Any CPU
	EndGlobalSection
	GlobalSection(SolutionProperties) = preSolution
		HideSolutionNode = FALSE
	EndGlobalSection
EndGlobal
